
Microsoft Visual Studio Solution File, Format Version 12.00
# Visual Studio Version 16
VisualStudioVersion = 16.0.31112.23
MinimumVisualStudioVersion = 10.0.40219.1
Project("{FAE04EC0-301F-11D3-BF4B-00C04F79EFBC}") = "Course work Library", "Course work Library\Course work Library.csproj", "{DEF510A4-9588-452B-928F-378143686DC3}"
EndProject
Global
	GlobalSection(SolutionConfigurationPlatforms) = preSolution
		Debug|Any CPU = Debug|Any CPU
		Release|Any CPU = Release|Any CPU
	EndGlobalSection
	GlobalSection(ProjectConfigurationPlatforms) = postSolution
		{DEF510A4-9588-452B-928F-378143686DC3}.Debug|Any CPU.ActiveCfg = Debug|Any CPU
		{DEF510A4-9588-452B-928F-378143686DC3}.Debug|Any CPU.Build.0 = Debug|Any CPU
		{DEF510A4-9588-452B-928F-378143686DC3}.Release|Any CPU.ActiveCfg = Release|Any CPU
		{DEF510A4-9588-452B-928F-378143686DC3}.Release|Any CPU.Build.0 = Release|Any CPU
	EndGlobalSection
	GlobalSection(SolutionProperties) = preSolution
		HideSolutionNode = FALSE
	EndGlobalSection
	GlobalSection(ExtensibilityGlobals) = postSolution
		SolutionGuid = {5FEAB383-087A-4579-8D2C-74D28DEE0572}
	EndGlobalSection
EndGlobal
